
Microsoft Visual Studio Solution File, Format Version 12.00
# Visual Studio Version 16
VisualStudioVersion = 16.0.31005.135
MinimumVisualStudioVersion = 10.0.40219.1
Project("{FAE04EC0-301F-11D3-BF4B-00C04F79EFBC}") = "CryptoTec", "CryptoTec.csproj", "{F28E7268-8DE4-4764-8D61-F26F6D1EC0DF}"
EndProject
Global
	GlobalSection(SolutionConfigurationPlatforms) = preSolution
		Debug|Any CPU = Debug|Any CPU
		Release|Any CPU = Release|Any CPU
	EndGlobalSection
	GlobalSection(ProjectConfigurationPlatforms) = postSolution
		{F28E7268-8DE4-4764-8D61-F26F6D1EC0DF}.Debug|Any CPU.ActiveCfg = Debug|Any CPU
		{F28E7268-8DE4-4764-8D61-F26F6D1EC0DF}.Debug|Any CPU.Build.0 = Debug|Any CPU
		{F28E7268-8DE4-4764-8D61-F26F6D1EC0DF}.Release|Any CPU.ActiveCfg = Release|Any CPU
		{F28E7268-8DE4-4764-8D61-F26F6D1EC0DF}.Release|Any CPU.Build.0 = Release|Any CPU
	EndGlobalSection
	GlobalSection(SolutionProperties) = preSolution
		HideSolutionNode = FALSE
	EndGlobalSection
	GlobalSection(ExtensibilityGlobals) = postSolution
		SolutionGuid = {B9B801AC-D570-4028-BF3A-ABD152FF575A}
	EndGlobalSection
EndGlobal
